
Microsoft Visual Studio Solution File, Format Version 12.00
# Visual Studio Version 16
VisualStudioVersion = 16.0.29920.165
MinimumVisualStudioVersion = 10.0.40219.1
Project("{FAE04EC0-301F-11D3-BF4B-00C04F79EFBC}") = "BlackJack", "BlackJack\BlackJack.csproj", "{5555DD66-77F9-4447-ACFA-6BB8932344BD}"
EndProject
Global
	GlobalSection(SolutionConfigurationPlatforms) = preSolution
		Debug|Any CPU = Debug|Any CPU
		Release|Any CPU = Release|Any CPU
	EndGlobalSection
	GlobalSection(ProjectConfigurationPlatforms) = postSolution
		{5555DD66-77F9-4447-ACFA-6BB8932344BD}.Debug|Any CPU.ActiveCfg = Debug|Any CPU
		{5555DD66-77F9-4447-ACFA-6BB8932344BD}.Debug|Any CPU.Build.0 = Debug|Any CPU
		{5555DD66-77F9-4447-ACFA-6BB8932344BD}.Release|Any CPU.ActiveCfg = Release|Any CPU
		{5555DD66-77F9-4447-ACFA-6BB8932344BD}.Release|Any CPU.Build.0 = Release|Any CPU
	EndGlobalSection
	GlobalSection(SolutionProperties) = preSolution
		HideSolutionNode = FALSE
	EndGlobalSection
	GlobalSection(ExtensibilityGlobals) = postSolution
		SolutionGuid = {41C77600-B657-474A-9131-A84F6987A43F}
	EndGlobalSection
EndGlobal
